
Microsoft Visual Studio Solution File, Format Version 12.00
# Visual Studio Version 17
VisualStudioVersion = 17.11.35222.181
MinimumVisualStudioVersion = 10.0.40219.1
Project("{FAE04EC0-301F-11D3-BF4B-00C04F79EFBC}") = "UnitTestPolya", "UnitTestPolya.csproj", "{3A149E60-1F97-4815-82CB-F6A75E6C2B3C}"
EndProject
Project("{FAE04EC0-301F-11D3-BF4B-00C04F79EFBC}") = "ClassLibraryPolya", "..\ClassLibraryPolya\ClassLibraryPolya.csproj", "{F15E9C22-9E10-4BFB-B953-A78C2F59B47A}"
EndProject
Global
	GlobalSection(SolutionConfigurationPlatforms) = preSolution
		Debug|Any CPU = Debug|Any CPU
		Release|Any CPU = Release|Any CPU
	EndGlobalSection
	GlobalSection(ProjectConfigurationPlatforms) = postSolution
		{3A149E60-1F97-4815-82CB-F6A75E6C2B3C}.Debug|Any CPU.ActiveCfg = Debug|Any CPU
		{3A149E60-1F97-4815-82CB-F6A75E6C2B3C}.Debug|Any CPU.Build.0 = Debug|Any CPU
		{3A149E60-1F97-4815-82CB-F6A75E6C2B3C}.Release|Any CPU.ActiveCfg = Release|Any CPU
		{3A149E60-1F97-4815-82CB-F6A75E6C2B3C}.Release|Any CPU.Build.0 = Release|Any CPU
		{F15E9C22-9E10-4BFB-B953-A78C2F59B47A}.Debug|Any CPU.ActiveCfg = Debug|Any CPU
		{F15E9C22-9E10-4BFB-B953-A78C2F59B47A}.Debug|Any CPU.Build.0 = Debug|Any CPU
		{F15E9C22-9E10-4BFB-B953-A78C2F59B47A}.Release|Any CPU.ActiveCfg = Release|Any CPU
		{F15E9C22-9E10-4BFB-B953-A78C2F59B47A}.Release|Any CPU.Build.0 = Release|Any CPU
	EndGlobalSection
	GlobalSection(SolutionProperties) = preSolution
		HideSolutionNode = FALSE
	EndGlobalSection
	GlobalSection(ExtensibilityGlobals) = postSolution
		SolutionGuid = {90803BA0-493F-4A75-AAC2-9DB8C34E17D5}
	EndGlobalSection
EndGlobal
